// !$*UTF8*$!
{
	archiveVersion = 1;
	classes = {
	};
	objectVersion = 77;
	objects = {

/* Begin PBXBuildFile section */
		549479CB2AC9E16000E0F78B /* Metal.framework in Frameworks */ = {isa = PBXBuildFile; fileRef = 549479CA2AC9E16000E0F78B /* Metal.framework */; };
		82A586642CD55DE300FA6368 /* TextShareExtension.appex in Embed Foundation Extensions */ = {isa = PBXBuildFile; fileRef = 82A5865A2CD55DE300FA6368 /* TextShareExtension.appex */; settings = {ATTRIBUTES = (RemoveHeadersOnCopy, ); }; };
		82A586702CD55E5900FA6368 /* llama in Frameworks */ = {isa = PBXBuildFile; productRef = 82A5866F2CD55E5900FA6368 /* llama */; };
		82B7A1952CCE9A910029878B /* Splash in Frameworks */ = {isa = PBXBuildFile; productRef = 82B7A1942CCE9A910029878B /* Splash */; };
		82B8EB752C99560C00ACC4CE /* llama in Frameworks */ = {isa = PBXBuildFile; productRef = 82B8EB742C99560C00ACC4CE /* llama */; };
		8A1C83772AC328BD0096AF73 /* llama_swiftuiApp.swift in Sources */ = {isa = PBXBuildFile; fileRef = 8A1C83762AC328BD0096AF73 /* llama_swiftuiApp.swift */; };
		8A1C837B2AC328BE0096AF73 /* Assets.xcassets in Resources */ = {isa = PBXBuildFile; fileRef = 8A1C837A2AC328BE0096AF73 /* Assets.xcassets */; };
		8A39BE0A2AC7601100BFEB40 /* Accelerate.framework in Frameworks */ = {isa = PBXBuildFile; fileRef = 8A39BE092AC7601000BFEB40 /* Accelerate.framework */; };
/* End PBXBuildFile section */

/* Begin PBXContainerItemProxy section */
		82A586622CD55DE300FA6368 /* PBXContainerItemProxy */ = {
			isa = PBXContainerItemProxy;
			containerPortal = 8A1C836B2AC328BD0096AF73 /* Project object */;
			proxyType = 1;
			remoteGlobalIDString = 82A586592CD55DE300FA6368;
			remoteInfo = TextShareExtension;
		};
/* End PBXContainerItemProxy section */

/* Begin PBXCopyFilesBuildPhase section */
		82A1D55D2C92E8D3001B8246 /* Embed Foundation Extensions */ = {
			isa = PBXCopyFilesBuildPhase;
			buildActionMask = 2147483647;
			dstPath = "";
			dstSubfolderSpec = 13;
			files = (
				82A586642CD55DE300FA6368 /* TextShareExtension.appex in Embed Foundation Extensions */,
			);
			name = "Embed Foundation Extensions";
			runOnlyForDeploymentPostprocessing = 0;
		};
/* End PBXCopyFilesBuildPhase section */

/* Begin PBXFileReference section */
		549479CA2AC9E16000E0F78B /* Metal.framework */ = {isa = PBXFileReference; lastKnownFileType = wrapper.framework; name = Metal.framework; path = System/Library/Frameworks/Metal.framework; sourceTree = SDKROOT; };
		82A1D5622C92E9AC001B8246 /* avocadointeligence.swiftui.entitlements */ = {isa = PBXFileReference; lastKnownFileType = text.plist.entitlements; path = avocadointeligence.swiftui.entitlements; sourceTree = "<group>"; };
		82A5865A2CD55DE300FA6368 /* TextShareExtension.appex */ = {isa = PBXFileReference; explicitFileType = "wrapper.app-extension"; includeInIndex = 0; path = TextShareExtension.appex; sourceTree = BUILT_PRODUCTS_DIR; };
		82D33A802CA4391A00D0D58F /* AvocadiInteligence-Info.plist */ = {isa = PBXFileReference; lastKnownFileType = text.plist; path = "AvocadiInteligence-Info.plist"; sourceTree = "<group>"; };
		8A1C83732AC328BD0096AF73 /* AI.app */ = {isa = PBXFileReference; explicitFileType = wrapper.application; includeInIndex = 0; path = AI.app; sourceTree = BUILT_PRODUCTS_DIR; };
		8A1C83762AC328BD0096AF73 /* llama_swiftuiApp.swift */ = {isa = PBXFileReference; lastKnownFileType = sourcecode.swift; path = llama_swiftuiApp.swift; sourceTree = "<group>"; };
		8A1C837A2AC328BE0096AF73 /* Assets.xcassets */ = {isa = PBXFileReference; lastKnownFileType = folder.assetcatalog; path = Assets.xcassets; sourceTree = "<group>"; };
		8A39BE092AC7601000BFEB40 /* Accelerate.framework */ = {isa = PBXFileReference; lastKnownFileType = wrapper.framework; name = Accelerate.framework; path = System/Library/Frameworks/Accelerate.framework; sourceTree = SDKROOT; };
/* End PBXFileReference section */

/* Begin PBXFileSystemSynchronizedBuildFileExceptionSet section */
		82A586652CD55DE300FA6368 /* Exceptions for "TextShareExtension" folder in "TextShareExtension" target */ = {
			isa = PBXFileSystemSynchronizedBuildFileExceptionSet;
			membershipExceptions = (
				Info.plist,
			);
			target = 82A586592CD55DE300FA6368 /* TextShareExtension */;
		};
		82A5866A2CD55E0400FA6368 /* Exceptions for "Views" folder in "TextShareExtension" target */ = {
			isa = PBXFileSystemSynchronizedBuildFileExceptionSet;
			membershipExceptions = (
				Fields/CustomTextField.swift,
			);
			target = 82A586592CD55DE300FA6368 /* TextShareExtension */;
		};
		82A5866C2CD55E1600FA6368 /* Exceptions for "Services" folder in "TextShareExtension" target */ = {
			isa = PBXFileSystemSynchronizedBuildFileExceptionSet;
			membershipExceptions = (
				ChatCompletion/ChatCompletion.swift,
				ChatCompletion/LibLlama.swift,
				ChatCompletion/LlamaState.swift,
				DownloadManager/DownloadManager.swift,
				Tools/WriteTools.swift,
			);
			target = 82A586592CD55DE300FA6368 /* TextShareExtension */;
		};
		82A5867D2CD566F100FA6368 /* Exceptions for "Localization" folder in "TextShareExtension" target */ = {
			isa = PBXFileSystemSynchronizedBuildFileExceptionSet;
			membershipExceptions = (
				"/Localized: Localizable.strings",
			);
			target = 82A586592CD55DE300FA6368 /* TextShareExtension */;
		};
/* End PBXFileSystemSynchronizedBuildFileExceptionSet section */

/* Begin PBXFileSystemSynchronizedRootGroup section */
		82854C132CA6BA8C0010F308 /* Resources */ = {
			isa = PBXFileSystemSynchronizedRootGroup;
			path = Resources;
			sourceTree = "<group>";
		};
		82A5862E2CD501C400FA6368 /* Services */ = {
			isa = PBXFileSystemSynchronizedRootGroup;
			exceptions = (
				82A5866C2CD55E1600FA6368 /* Exceptions for "Services" folder in "TextShareExtension" target */,
			);
			path = Services;
			sourceTree = "<group>";
		};
		82A5865B2CD55DE300FA6368 /* TextShareExtension */ = {
			isa = PBXFileSystemSynchronizedRootGroup;
			exceptions = (
				82A586652CD55DE300FA6368 /* Exceptions for "TextShareExtension" folder in "TextShareExtension" target */,
			);
			path = TextShareExtension;
			sourceTree = "<group>";
		};
		82E1A2832CD3E73D00DFE37C /* Views */ = {
			isa = PBXFileSystemSynchronizedRootGroup;
			exceptions = (
				82A5866A2CD55E0400FA6368 /* Exceptions for "Views" folder in "TextShareExtension" target */,
			);
			path = Views;
			sourceTree = "<group>";
		};
		82E1A2872CD3E8F400DFE37C /* Localization */ = {
			isa = PBXFileSystemSynchronizedRootGroup;
			exceptions = (
				82A5867D2CD566F100FA6368 /* Exceptions for "Localization" folder in "TextShareExtension" target */,
			);
			path = Localization;
			sourceTree = "<group>";
		};
/* End PBXFileSystemSynchronizedRootGroup section */

/* Begin PBXFrameworksBuildPhase section */
		82A586572CD55DE300FA6368 /* Frameworks */ = {
			isa = PBXFrameworksBuildPhase;
			buildActionMask = 2147483647;
			files = (
				82A586702CD55E5900FA6368 /* llama in Frameworks */,
			);
			runOnlyForDeploymentPostprocessing = 0;
		};
		8A1C83702AC328BD0096AF73 /* Frameworks */ = {
			isa = PBXFrameworksBuildPhase;
			buildActionMask = 2147483647;
			files = (
				82B8EB752C99560C00ACC4CE /* llama in Frameworks */,
				82B7A1952CCE9A910029878B /* Splash in Frameworks */,
				549479CB2AC9E16000E0F78B /* Metal.framework in Frameworks */,
				8A39BE0A2AC7601100BFEB40 /* Accelerate.framework in Frameworks */,
			);
			runOnlyForDeploymentPostprocessing = 0;
		};
/* End PBXFrameworksBuildPhase section */

/* Begin PBXGroup section */
		8A1C836A2AC328BD0096AF73 = {
			isa = PBXGroup;
			children = (
				82D33A802CA4391A00D0D58F /* AvocadiInteligence-Info.plist */,
				8A1C83752AC328BD0096AF73 /* avocadointeligence.swiftui */,
				82A5865B2CD55DE300FA6368 /* TextShareExtension */,
				8A1C83742AC328BD0096AF73 /* Products */,
				8A39BE082AC7601000BFEB40 /* Frameworks */,
			);
			sourceTree = "<group>";
		};
		8A1C83742AC328BD0096AF73 /* Products */ = {
			isa = PBXGroup;
			children = (
				8A1C83732AC328BD0096AF73 /* AI.app */,
				82A5865A2CD55DE300FA6368 /* TextShareExtension.appex */,
			);
			name = Products;
			sourceTree = "<group>";
		};
		8A1C83752AC328BD0096AF73 /* avocadointeligence.swiftui */ = {
			isa = PBXGroup;
			children = (
				82A5862E2CD501C400FA6368 /* Services */,
				82E1A2872CD3E8F400DFE37C /* Localization */,
				82E1A2832CD3E73D00DFE37C /* Views */,
				82854C132CA6BA8C0010F308 /* Resources */,
				82A1D5622C92E9AC001B8246 /* avocadointeligence.swiftui.entitlements */,
				8A1C83762AC328BD0096AF73 /* llama_swiftuiApp.swift */,
				8A1C837A2AC328BE0096AF73 /* Assets.xcassets */,
			);
			path = avocadointeligence.swiftui;
			sourceTree = "<group>";
		};
		8A39BE082AC7601000BFEB40 /* Frameworks */ = {
			isa = PBXGroup;
			children = (
				549479CA2AC9E16000E0F78B /* Metal.framework */,
				8A39BE092AC7601000BFEB40 /* Accelerate.framework */,
			);
			name = Frameworks;
			sourceTree = "<group>";
		};
/* End PBXGroup section */

/* Begin PBXNativeTarget section */
		82A586592CD55DE300FA6368 /* TextShareExtension */ = {
			isa = PBXNativeTarget;
			buildConfigurationList = 82A586662CD55DE300FA6368 /* Build configuration list for PBXNativeTarget "TextShareExtension" */;
			buildPhases = (
				82A586562CD55DE300FA6368 /* Sources */,
				82A586572CD55DE300FA6368 /* Frameworks */,
				82A586582CD55DE300FA6368 /* Resources */,
			);
			buildRules = (
			);
			dependencies = (
			);
			fileSystemSynchronizedGroups = (
				82A5865B2CD55DE300FA6368 /* TextShareExtension */,
			);
			name = TextShareExtension;
			packageProductDependencies = (
				82A5866F2CD55E5900FA6368 /* llama */,
			);
			productName = TextShareExtension;
			productReference = 82A5865A2CD55DE300FA6368 /* TextShareExtension.appex */;
			productType = "com.apple.product-type.app-extension";
		};
		8A1C83722AC328BD0096AF73 /* AvocadiInteligence */ = {
			isa = PBXNativeTarget;
			buildConfigurationList = 8A1C83812AC328BE0096AF73 /* Build configuration list for PBXNativeTarget "AvocadiInteligence" */;
			buildPhases = (
				8A1C836F2AC328BD0096AF73 /* Sources */,
				8A1C83702AC328BD0096AF73 /* Frameworks */,
				8A1C83712AC328BD0096AF73 /* Resources */,
				82A1D55D2C92E8D3001B8246 /* Embed Foundation Extensions */,
			);
			buildRules = (
			);
			dependencies = (
				82A586632CD55DE300FA6368 /* PBXTargetDependency */,
			);
			fileSystemSynchronizedGroups = (
				82854C132CA6BA8C0010F308 /* Resources */,
				82A5862E2CD501C400FA6368 /* Services */,
				82E1A2832CD3E73D00DFE37C /* Views */,
				82E1A2872CD3E8F400DFE37C /* Localization */,
			);
			name = AvocadiInteligence;
			packageProductDependencies = (
				82B8EB742C99560C00ACC4CE /* llama */,
				82B7A1942CCE9A910029878B /* Splash */,
			);
			productName = llama.swiftui;
			productReference = 8A1C83732AC328BD0096AF73 /* AI.app */;
			productType = "com.apple.product-type.application";
		};
/* End PBXNativeTarget section */

/* Begin PBXProject section */
		8A1C836B2AC328BD0096AF73 /* Project object */ = {
			isa = PBXProject;
			attributes = {
				BuildIndependentTargetsInParallel = 1;
				LastSwiftUpdateCheck = 1610;
				LastUpgradeCheck = 1500;
				TargetAttributes = {
					82A586592CD55DE300FA6368 = {
						CreatedOnToolsVersion = 16.1;
					};
					8A1C83722AC328BD0096AF73 = {
						CreatedOnToolsVersion = 15.0;
						LastSwiftMigration = 1500;
					};
				};
			};
			buildConfigurationList = 8A1C836E2AC328BD0096AF73 /* Build configuration list for PBXProject "AvocadiInteligence" */;
			developmentRegion = en;
			hasScannedForEncodings = 0;
			knownRegions = (
				en,
				Base,
				es,
			);
			mainGroup = 8A1C836A2AC328BD0096AF73;
			packageReferences = (
				82B8EB732C99560C00ACC4CE /* XCLocalSwiftPackageReference "deps/llama.cpp" */,
				82B7A1932CCE9A910029878B /* XCLocalSwiftPackageReference "deps/Splash" */,
			);
			preferredProjectObjectVersion = 77;
			productRefGroup = 8A1C83742AC328BD0096AF73 /* Products */;
			projectDirPath = "";
			projectRoot = "";
			targets = (
				8A1C83722AC328BD0096AF73 /* AvocadiInteligence */,
				82A586592CD55DE300FA6368 /* TextShareExtension */,
			);
		};
/* End PBXProject section */

/* Begin PBXResourcesBuildPhase section */
		82A586582CD55DE300FA6368 /* Resources */ = {
			isa = PBXResourcesBuildPhase;
			buildActionMask = 2147483647;
			files = (
			);
			runOnlyForDeploymentPostprocessing = 0;
		};
		8A1C83712AC328BD0096AF73 /* Resources */ = {
			isa = PBXResourcesBuildPhase;
			buildActionMask = 2147483647;
			files = (
				8A1C837B2AC328BE0096AF73 /* Assets.xcassets in Resources */,
			);
			runOnlyForDeploymentPostprocessing = 0;
		};
/* End PBXResourcesBuildPhase section */

/* Begin PBXSourcesBuildPhase section */
		82A586562CD55DE300FA6368 /* Sources */ = {
			isa = PBXSourcesBuildPhase;
			buildActionMask = 2147483647;
			files = (
			);
			runOnlyForDeploymentPostprocessing = 0;
		};
		8A1C836F2AC328BD0096AF73 /* Sources */ = {
			isa = PBXSourcesBuildPhase;
			buildActionMask = 2147483647;
			files = (
				8A1C83772AC328BD0096AF73 /* llama_swiftuiApp.swift in Sources */,
			);
			runOnlyForDeploymentPostprocessing = 0;
		};
/* End PBXSourcesBuildPhase section */

/* Begin PBXTargetDependency section */
		82A586632CD55DE300FA6368 /* PBXTargetDependency */ = {
			isa = PBXTargetDependency;
			target = 82A586592CD55DE300FA6368 /* TextShareExtension */;
			targetProxy = 82A586622CD55DE300FA6368 /* PBXContainerItemProxy */;
		};
/* End PBXTargetDependency section */

/* Begin XCBuildConfiguration section */
		82A586672CD55DE300FA6368 /* Debug */ = {
			isa = XCBuildConfiguration;
			buildSettings = {
				CODE_SIGN_STYLE = Automatic;
				CURRENT_PROJECT_VERSION = 1;
				DEVELOPMENT_TEAM = 9R6HNVBCQ8;
				GENERATE_INFOPLIST_FILE = YES;
				INFOPLIST_FILE = TextShareExtension/Info.plist;
				INFOPLIST_KEY_CFBundleDisplayName = TextShareExtension;
				INFOPLIST_KEY_NSHumanReadableCopyright = "";
				IPHONEOS_DEPLOYMENT_TARGET = 18.1;
				LD_RUNPATH_SEARCH_PATHS = (
					"$(inherited)",
					"@executable_path/Frameworks",
					"@executable_path/../../Frameworks",
				);
				MARKETING_VERSION = 1.2;
				PRODUCT_BUNDLE_IDENTIFIER = com.nebuxcloud.avocadointelligence.TextShareExtension;
				PRODUCT_NAME = "$(TARGET_NAME)";
				SKIP_INSTALL = YES;
				SWIFT_EMIT_LOC_STRINGS = YES;
				SWIFT_VERSION = 5.0;
				TARGETED_DEVICE_FAMILY = "1,2";
			};
			name = Debug;
		};
		82A586682CD55DE300FA6368 /* Release */ = {
			isa = XCBuildConfiguration;
			buildSettings = {
				CODE_SIGN_STYLE = Automatic;
				CURRENT_PROJECT_VERSION = 1;
				DEVELOPMENT_TEAM = 9R6HNVBCQ8;
				GENERATE_INFOPLIST_FILE = YES;
				INFOPLIST_FILE = TextShareExtension/Info.plist;
				INFOPLIST_KEY_CFBundleDisplayName = TextShareExtension;
				INFOPLIST_KEY_NSHumanReadableCopyright = "";
				IPHONEOS_DEPLOYMENT_TARGET = 18.1;
				LD_RUNPATH_SEARCH_PATHS = (
					"$(inherited)",
					"@executable_path/Frameworks",
					"@executable_path/../../Frameworks",
				);
				MARKETING_VERSION = 1.2;
				PRODUCT_BUNDLE_IDENTIFIER = com.nebuxcloud.avocadointelligence.TextShareExtension;
				PRODUCT_NAME = "$(TARGET_NAME)";
				SKIP_INSTALL = YES;
				SWIFT_EMIT_LOC_STRINGS = YES;
				SWIFT_VERSION = 5.0;
				TARGETED_DEVICE_FAMILY = "1,2";
			};
			name = Release;
		};
		8A1C837F2AC328BE0096AF73 /* Debug */ = {
			isa = XCBuildConfiguration;
			buildSettings = {
				ALWAYS_SEARCH_USER_PATHS = NO;
				ASSETCATALOG_COMPILER_GENERATE_SWIFT_ASSET_SYMBOL_EXTENSIONS = YES;
				CLANG_ANALYZER_LOCALIZABILITY_NONLOCALIZED = YES;
				CLANG_ANALYZER_NONNULL = YES;
				CLANG_ANALYZER_NUMBER_OBJECT_CONVERSION = YES_AGGRESSIVE;
				CLANG_CXX_LANGUAGE_STANDARD = "gnu++20";
				CLANG_ENABLE_MODULES = YES;
				CLANG_ENABLE_OBJC_ARC = YES;
				CLANG_ENABLE_OBJC_WEAK = YES;
				CLANG_WARN_BLOCK_CAPTURE_AUTORELEASING = YES;
				CLANG_WARN_BOOL_CONVERSION = YES;
				CLANG_WARN_COMMA = YES;
				CLANG_WARN_CONSTANT_CONVERSION = YES;
				CLANG_WARN_DEPRECATED_OBJC_IMPLEMENTATIONS = YES;
				CLANG_WARN_DIRECT_OBJC_ISA_USAGE = YES_ERROR;
				CLANG_WARN_DOCUMENTATION_COMMENTS = YES;
				CLANG_WARN_EMPTY_BODY = YES;
				CLANG_WARN_ENUM_CONVERSION = YES;
				CLANG_WARN_INFINITE_RECURSION = YES;
				CLANG_WARN_INT_CONVERSION = YES;
				CLANG_WARN_NON_LITERAL_NULL_CONVERSION = YES;
				CLANG_WARN_OBJC_IMPLICIT_RETAIN_SELF = YES;
				CLANG_WARN_OBJC_LITERAL_CONVERSION = YES;
				CLANG_WARN_OBJC_ROOT_CLASS = YES_ERROR;
				CLANG_WARN_QUOTED_INCLUDE_IN_FRAMEWORK_HEADER = YES;
				CLANG_WARN_RANGE_LOOP_ANALYSIS = YES;
				CLANG_WARN_STRICT_PROTOTYPES = YES;
				CLANG_WARN_SUSPICIOUS_MOVE = YES;
				CLANG_WARN_UNGUARDED_AVAILABILITY = YES_AGGRESSIVE;
				CLANG_WARN_UNREACHABLE_CODE = YES;
				CLANG_WARN__DUPLICATE_METHOD_MATCH = YES;
				COPY_PHASE_STRIP = NO;
				DEBUG_INFORMATION_FORMAT = dwarf;
				ENABLE_STRICT_OBJC_MSGSEND = YES;
				ENABLE_TESTABILITY = YES;
				ENABLE_USER_SCRIPT_SANDBOXING = YES;
				GCC_C_LANGUAGE_STANDARD = gnu17;
				GCC_DYNAMIC_NO_PIC = NO;
				GCC_NO_COMMON_BLOCKS = YES;
				GCC_OPTIMIZATION_LEVEL = 0;
				GCC_PREPROCESSOR_DEFINITIONS = (
					"DEBUG=1",
					"$(inherited)",
				);
				GCC_WARN_64_TO_32_BIT_CONVERSION = YES;
				GCC_WARN_ABOUT_RETURN_TYPE = YES_ERROR;
				GCC_WARN_UNDECLARED_SELECTOR = YES;
				GCC_WARN_UNINITIALIZED_AUTOS = YES_AGGRESSIVE;
				GCC_WARN_UNUSED_FUNCTION = YES;
				GCC_WARN_UNUSED_VARIABLE = YES;
				IPHONEOS_DEPLOYMENT_TARGET = 17.0;
				LOCALIZATION_PREFERS_STRING_CATALOGS = YES;
				MTL_ENABLE_DEBUG_INFO = INCLUDE_SOURCE;
				MTL_FAST_MATH = YES;
				ONLY_ACTIVE_ARCH = YES;
				PRODUCT_NAME = "Avocado Inteligence";
				SDKROOT = iphoneos;
				SWIFT_ACTIVE_COMPILATION_CONDITIONS = "DEBUG $(inherited)";
				SWIFT_OPTIMIZATION_LEVEL = "-Onone";
			};
			name = Debug;
		};
		8A1C83802AC328BE0096AF73 /* Release */ = {
			isa = XCBuildConfiguration;
			buildSettings = {
				ALWAYS_SEARCH_USER_PATHS = NO;
				ASSETCATALOG_COMPILER_GENERATE_SWIFT_ASSET_SYMBOL_EXTENSIONS = YES;
				CLANG_ANALYZER_LOCALIZABILITY_NONLOCALIZED = YES;
				CLANG_ANALYZER_NONNULL = YES;
				CLANG_ANALYZER_NUMBER_OBJECT_CONVERSION = YES_AGGRESSIVE;
				CLANG_CXX_LANGUAGE_STANDARD = "gnu++20";
				CLANG_ENABLE_MODULES = YES;
				CLANG_ENABLE_OBJC_ARC = YES;
				CLANG_ENABLE_OBJC_WEAK = YES;
				CLANG_WARN_BLOCK_CAPTURE_AUTORELEASING = YES;
				CLANG_WARN_BOOL_CONVERSION = YES;
				CLANG_WARN_COMMA = YES;
				CLANG_WARN_CONSTANT_CONVERSION = YES;
				CLANG_WARN_DEPRECATED_OBJC_IMPLEMENTATIONS = YES;
				CLANG_WARN_DIRECT_OBJC_ISA_USAGE = YES_ERROR;
				CLANG_WARN_DOCUMENTATION_COMMENTS = YES;
				CLANG_WARN_EMPTY_BODY = YES;
				CLANG_WARN_ENUM_CONVERSION = YES;
				CLANG_WARN_INFINITE_RECURSION = YES;
				CLANG_WARN_INT_CONVERSION = YES;
				CLANG_WARN_NON_LITERAL_NULL_CONVERSION = YES;
				CLANG_WARN_OBJC_IMPLICIT_RETAIN_SELF = YES;
				CLANG_WARN_OBJC_LITERAL_CONVERSION = YES;
				CLANG_WARN_OBJC_ROOT_CLASS = YES_ERROR;
				CLANG_WARN_QUOTED_INCLUDE_IN_FRAMEWORK_HEADER = YES;
				CLANG_WARN_RANGE_LOOP_ANALYSIS = YES;
				CLANG_WARN_STRICT_PROTOTYPES = YES;
				CLANG_WARN_SUSPICIOUS_MOVE = YES;
				CLANG_WARN_UNGUARDED_AVAILABILITY = YES_AGGRESSIVE;
				CLANG_WARN_UNREACHABLE_CODE = YES;
				CLANG_WARN__DUPLICATE_METHOD_MATCH = YES;
				COPY_PHASE_STRIP = NO;
				DEBUG_INFORMATION_FORMAT = "dwarf-with-dsym";
				ENABLE_NS_ASSERTIONS = NO;
				ENABLE_STRICT_OBJC_MSGSEND = YES;
				ENABLE_USER_SCRIPT_SANDBOXING = YES;
				GCC_C_LANGUAGE_STANDARD = gnu17;
				GCC_NO_COMMON_BLOCKS = YES;
				GCC_WARN_64_TO_32_BIT_CONVERSION = YES;
				GCC_WARN_ABOUT_RETURN_TYPE = YES_ERROR;
				GCC_WARN_UNDECLARED_SELECTOR = YES;
				GCC_WARN_UNINITIALIZED_AUTOS = YES_AGGRESSIVE;
				GCC_WARN_UNUSED_FUNCTION = YES;
				GCC_WARN_UNUSED_VARIABLE = YES;
				IPHONEOS_DEPLOYMENT_TARGET = 17.0;
				LOCALIZATION_PREFERS_STRING_CATALOGS = YES;
				MTL_ENABLE_DEBUG_INFO = NO;
				MTL_FAST_MATH = YES;
				PRODUCT_NAME = "Avocado Inteligence";
				SDKROOT = iphoneos;
				SWIFT_COMPILATION_MODE = wholemodule;
				VALIDATE_PRODUCT = YES;
			};
			name = Release;
		};
		8A1C83822AC328BE0096AF73 /* Debug */ = {
			isa = XCBuildConfiguration;
			buildSettings = {
				ASSETCATALOG_COMPILER_APPICON_NAME = AppIcon;
				CLANG_ENABLE_MODULES = YES;
				CODE_SIGN_ENTITLEMENTS = avocadointeligence.swiftui/avocadointeligence.swiftui.entitlements;
				CODE_SIGN_STYLE = Automatic;
				CURRENT_PROJECT_VERSION = 1;
				DEVELOPMENT_TEAM = 9R6HNVBCQ8;
				ENABLE_PREVIEWS = YES;
				GENERATE_INFOPLIST_FILE = YES;
				INFOPLIST_FILE = "AvocadiInteligence-Info.plist";
				INFOPLIST_KEY_UIApplicationSceneManifest_Generation = YES;
				INFOPLIST_KEY_UIApplicationSupportsIndirectInputEvents = YES;
				INFOPLIST_KEY_UILaunchScreen_Generation = YES;
				INFOPLIST_KEY_UISupportedInterfaceOrientations = UIInterfaceOrientationPortrait;
				INFOPLIST_KEY_UISupportedInterfaceOrientations_iPad = "UIInterfaceOrientationLandscapeLeft UIInterfaceOrientationLandscapeRight UIInterfaceOrientationPortrait UIInterfaceOrientationPortraitUpsideDown";
				IPHONEOS_DEPLOYMENT_TARGET = 17.6;
				LD_RUNPATH_SEARCH_PATHS = (
					"$(inherited)",
					"@executable_path/Frameworks",
				);
				MARKETING_VERSION = 1.2;
				PRODUCT_BUNDLE_IDENTIFIER = com.nebuxcloud.avocadointelligence;
				PRODUCT_NAME = AI;
				SUPPORTED_PLATFORMS = "iphoneos iphonesimulator xros xrsimulator";
				SUPPORTS_XR_DESIGNED_FOR_IPHONE_IPAD = NO;
				SWIFT_EMIT_LOC_STRINGS = YES;
				SWIFT_OPTIMIZATION_LEVEL = "-Onone";
				SWIFT_VERSION = 6.0;
				TARGETED_DEVICE_FAMILY = "1,2,7";
			};
			name = Debug;
		};
		8A1C83832AC328BE0096AF73 /* Release */ = {
			isa = XCBuildConfiguration;
			buildSettings = {
				ASSETCATALOG_COMPILER_APPICON_NAME = AppIcon;
				CLANG_ENABLE_MODULES = YES;
				CODE_SIGN_ENTITLEMENTS = avocadointeligence.swiftui/avocadointeligence.swiftui.entitlements;
				CODE_SIGN_STYLE = Automatic;
				CURRENT_PROJECT_VERSION = 1;
				DEVELOPMENT_TEAM = 9R6HNVBCQ8;
				ENABLE_PREVIEWS = YES;
				GENERATE_INFOPLIST_FILE = YES;
				INFOPLIST_FILE = "AvocadiInteligence-Info.plist";
				INFOPLIST_KEY_UIApplicationSceneManifest_Generation = YES;
				INFOPLIST_KEY_UIApplicationSupportsIndirectInputEvents = YES;
				INFOPLIST_KEY_UILaunchScreen_Generation = YES;
				INFOPLIST_KEY_UISupportedInterfaceOrientations = UIInterfaceOrientationPortrait;
				INFOPLIST_KEY_UISupportedInterfaceOrientations_iPad = "UIInterfaceOrientationLandscapeLeft UIInterfaceOrientationLandscapeRight UIInterfaceOrientationPortrait UIInterfaceOrientationPortraitUpsideDown";
				IPHONEOS_DEPLOYMENT_TARGET = 17.6;
				LD_RUNPATH_SEARCH_PATHS = (
					"$(inherited)",
					"@executable_path/Frameworks",
				);
				MARKETING_VERSION = 1.2;
				PRODUCT_BUNDLE_IDENTIFIER = com.nebuxcloud.avocadointelligence;
				PRODUCT_NAME = AI;
				SUPPORTED_PLATFORMS = "iphoneos iphonesimulator xros xrsimulator";
				SUPPORTS_XR_DESIGNED_FOR_IPHONE_IPAD = NO;
				SWIFT_EMIT_LOC_STRINGS = YES;
				SWIFT_VERSION = 6.0;
				TARGETED_DEVICE_FAMILY = "1,2,7";
			};
			name = Release;
		};
/* End XCBuildConfiguration section */

/* Begin XCConfigurationList section */
		82A586662CD55DE300FA6368 /* Build configuration list for PBXNativeTarget "TextShareExtension" */ = {
			isa = XCConfigurationList;
			buildConfigurations = (
				82A586672CD55DE300FA6368 /* Debug */,
				82A586682CD55DE300FA6368 /* Release */,
			);
			defaultConfigurationIsVisible = 0;
			defaultConfigurationName = Release;
		};
		8A1C836E2AC328BD0096AF73 /* Build configuration list for PBXProject "AvocadiInteligence" */ = {
			isa = XCConfigurationList;
			buildConfigurations = (
				8A1C837F2AC328BE0096AF73 /* Debug */,
				8A1C83802AC328BE0096AF73 /* Release */,
			);
			defaultConfigurationIsVisible = 0;
			defaultConfigurationName = Release;
		};
		8A1C83812AC328BE0096AF73 /* Build configuration list for PBXNativeTarget "AvocadiInteligence" */ = {
			isa = XCConfigurationList;
			buildConfigurations = (
				8A1C83822AC328BE0096AF73 /* Debug */,
				8A1C83832AC328BE0096AF73 /* Release */,
			);
			defaultConfigurationIsVisible = 0;
			defaultConfigurationName = Release;
		};
/* End XCConfigurationList section */

/* Begin XCLocalSwiftPackageReference section */
		82B7A1932CCE9A910029878B /* XCLocalSwiftPackageReference "deps/Splash" */ = {
			isa = XCLocalSwiftPackageReference;
			relativePath = deps/Splash;
		};
		82B8EB732C99560C00ACC4CE /* XCLocalSwiftPackageReference "deps/llama.cpp" */ = {
			isa = XCLocalSwiftPackageReference;
			relativePath = deps/llama.cpp;
		};
/* End XCLocalSwiftPackageReference section */

/* Begin XCSwiftPackageProductDependency section */
		82A5866F2CD55E5900FA6368 /* llama */ = {
			isa = XCSwiftPackageProductDependency;
			package = 82B8EB732C99560C00ACC4CE /* XCLocalSwiftPackageReference "deps/llama.cpp" */;
			productName = llama;
		};
		82B7A1942CCE9A910029878B /* Splash */ = {
			isa = XCSwiftPackageProductDependency;
			productName = Splash;
		};
		82B8EB742C99560C00ACC4CE /* llama */ = {
			isa = XCSwiftPackageProductDependency;
			productName = llama;
		};
/* End XCSwiftPackageProductDependency section */
	};
	rootObject = 8A1C836B2AC328BD0096AF73 /* Project object */;
}
